api_version: anas.dev/v1
casks:
    authentik:
        version: 2026.5.6
        revision: 1
        app_version: 2026.5.6
        source: bundle:authentik
        digest: sha256:21c6f22ef89aeb64f299a8e4ab98feb09bd651a11609052764d220b6ae6a7add
    collabora:
        version: 26.4.2
        revision: 1
        app_version: 26.04.2.4.1
        source: bundle:collabora
        digest: sha256:7625e4d42981f669a3def7d407344c217c594ef44b02cf12ee0437e18d991ba9
    core:
        version: 0.0.0
        revision: 1
        source: bundle:core
        digest: sha256:19f7fc389fe0060f31a508acfc6c9028d2840d6f715ce41e9830f08812e8e6ab
    ddns_updater:
        version: 2.10.0
        revision: 1
        app_version: 2.10.0
        source: bundle:ddns_updater
        digest: sha256:e80c8942fe0c8dbdf0fcd39ec607e3fed77f5861a027104de5505603bf486d92
    eturnal:
        version: 1.12.2
        revision: 1
        app_version: 1.12.2
        source: bundle:eturnal
        digest: sha256:f9e5c06d4c988b33c888e238d7d9ddde222d8ca42aab7721b00483d82744a5c0
    freeradius:
        version: 3.2.10
        revision: 1
        app_version: 3.2.10
        source: bundle:freeradius
        digest: sha256:ac2fa1a8130122ffd3464880015c4cfa921ea6c38e383a47550c4b8a67b1eb81
    lam:
        version: 9.6.0
        revision: 1
        app_version: 9.6.0
        source: bundle:lam
        digest: sha256:a3d799f804c481b45692a7a3c54cd93eaad18dbbb3f115a291359c404dcd1dec
    lego:
        version: 5.3.1
        revision: 1
        app_version: 5.3.1
        source: bundle:lego
        digest: sha256:77f49259466ebd731eaef88152bc3bdc7a6db56710c872266da43f8b78e57294
    mariadb:
        version: 12.3.2
        revision: 1
        app_version: 12.3.2
        source: bundle:mariadb
        digest: sha256:e831fbdac07f5021cd65bfe47107899139034d3e3519752c9e76a410d2c70910
    meshcentral:
        version: 1.2.4
        revision: 1
        app_version: 1.2.4
        source: bundle:meshcentral
        digest: sha256:5e7c64ac9206fec9f95aa81f80cab3b81dee9dae77cebb17f34f607d7c6705fa
    netbird:
        version: 0.76.1
        revision: 1
        app_version: 0.76.1
        source: bundle:netbird
        digest: sha256:f5cff538068defe15cf714372488443f36d61dc598a5f4d308753d57dd9be2e1
    nextcloud:
        version: 34.0.2
        revision: 1
        app_version: 34.0.2
        source: bundle:nextcloud
        digest: sha256:8e71df4610cab6ad44b8259e9f2ab939418bbff75ad2d12cf843b8453c70393b
    oauth2_proxy:
        version: 7.15.3
        revision: 1
        app_version: 7.15.3
        source: bundle:oauth2_proxy
        digest: sha256:3bf711f2817820bd0fb35abf5e8988db159a603eecdd6613bb9128180b7f99a5
    postgres:
        version: 18.4.0
        revision: 1
        app_version: 18.4.0
        source: bundle:postgres
        digest: sha256:d66ed2c78fc02d9341207b10ab1b74afb13780c74d58f29af552d1e89cf476e6
    samba_dc:
        version: 4.23.6
        revision: 1
        app_version: 4.23.6
        source: bundle:samba_dc
        digest: sha256:62c8dfb31da109e00cca62703836f8ea0a8d20f359ec1997b37b9b8890e89e36
    samba_fs:
        version: 4.23.6
        revision: 1
        app_version: 4.23.6
        source: bundle:samba_fs
        digest: sha256:f9df496e62dbd51e4de10b84efa9cdaf61858817736ab2e1991373129418b02f
    traefik:
        version: 3.7.10
        revision: 1
        app_version: 3.7.10
        source: bundle:traefik
        digest: sha256:a1fe0259f455d7b80e9d721d5c85d5747e8e747aff74b45000707b28df041548
iam:
    provider: authentik
bindings:
    authentik:
        relational_database: postgres
    ddns_updater:
        forward_auth: oauth2_proxy
        forward_auth.interface: http
    netbird:
        iam: authentik
        iam.interface: oidc
    nextcloud:
        iam: authentik
        iam.interface: saml
        relational_database: postgres
    oauth2_proxy:
        iam: authentik
        iam.interface: oidc
