api_version: anas.dev/v1
casks:
    authentik:
        version: 2026.5.6
        app_version: 2026.5.6
        source: bundle:authentik
        digest: sha256:685a3cb422c47634f1d5524d48a2e64d785396ceb5222ee78c5e09723ed1a3a8
    collabora:
        version: 26.4.2
        app_version: 26.04.2.4.1
        source: bundle:collabora
        digest: sha256:16842cdfdfb6218d2e2e3050fd2ac27ca4fa0a6cf880b0b68ced2032432d061b
    core:
        version: 0.0.0
        source: bundle:core
        digest: sha256:e224c8400f8cb4373010b02a3320a414a3ac591fadfe9153e6ad8977706798e6
    ddns:
        version: 2.10.0
        app_version: 2.10.0
        source: bundle:ddns
        digest: sha256:f1cb0cbfaeeb3485b372dafd7925a7fd22f7b9d1035aa3247d88d245392a9b10
    eturnal:
        version: 1.12.3
        app_version: 1.12.2
        source: bundle:eturnal
        digest: sha256:1934a134a0bcadd2f1d27f53fc6e950800954abb12430070d81c6f1d7dca84b9
    freeradius:
        version: 3.2.10
        app_version: 3.2.10
        source: bundle:freeradius
        digest: sha256:ce8fc836a89867ab7736e29e8087c475ab1a1b3e34597c2578ceccd58655a888
    lam:
        version: 9.6.0
        app_version: 9.6.0
        source: bundle:lam
        digest: sha256:e86fd2099543fc52c5fcda86191843c12b3b8dcdb509b239ebf86f8edc1a3d57
    lego:
        version: 5.3.1
        app_version: 5.3.1
        source: bundle:lego
        digest: sha256:d8ebab081318ab8a9d15f62c62e590b373f0ca6387bf5eff35e2c20f358eb24b
    mariadb:
        version: 12.3.2
        app_version: 12.3.2
        source: bundle:mariadb
        digest: sha256:55ad38e3a32396829259fd6e3927b84e0de4ca570402f33a93302e7cc64d16e7
    meshcentral:
        version: 1.2.4
        app_version: 1.2.4
        source: bundle:meshcentral
        digest: sha256:48806bc0d8e7fb3b1aaef4215188d6c4bfcc3c7f5720bc81bbc8ce3359403876
    netbird:
        version: 0.76.1
        app_version: 0.76.1
        source: bundle:netbird
        digest: sha256:4677e28b581d2ee59eda591f06cfc1f3ca882af33fe86023d01457dbc1c8e688
    nextcloud:
        version: 34.0.2
        app_version: 34.0.2
        source: bundle:nextcloud
        digest: sha256:f8f9dc5e5d9b1efda3d2509d6b8de7d82a2ca5f95c5928e3ffbc22966c062ca5
    postgres:
        version: 18.4.0
        app_version: 18.4.0
        source: bundle:postgres
        digest: sha256:10b71ecbe9fc56a3cdb5f46a1ca4a4adc4e24539dd9d95d3ca831dff72fb3f3f
    samba_dc:
        version: 26.04.1
        app_version: 4.23.6
        source: bundle:samba_dc
        digest: sha256:97fe3c703bdb9c604a4f4c7dc9c29186c72238e19e5e1b49be580df14840d838
    samba_fs:
        version: 26.04.1
        app_version: 4.23.6
        source: bundle:samba_fs
        digest: sha256:57184f217321c1db969232e0119f91f283bd9715a3263637c1e0468bcacb3cce
    traefik:
        version: 3.7.11
        app_version: 3.7.10
        source: bundle:traefik
        digest: sha256:72aedcd1f7d7ed61cc78a634a6a997531767fd2e876acaf07f5d7278f46adfa3
iam:
    provider: authentik
bindings:
    authentik:
        relational_database: postgres
    netbird:
        iam: authentik
        iam.interface: oidc
    nextcloud:
        iam: authentik
        iam.interface: saml
        relational_database: postgres
