api_version: anas.module-lock/v1
modules:
  lego:
    version: 4.8.0
    source: modules/lego
  samba_dc:
    version: 4.22.0
    source: modules/samba_dc
  samba_fs:
    version: 4.22.0
    source: modules/samba_fs
  traefik:
    version: 2.4.0
    source: modules/traefik
  keycloak:
    version: 23.0.0-0
    source: modules/keycloak
  llng:
    version: 2.0.60
    source: modules/llng
  mariadb:
    version: 10.10.0
    source: modules/mariadb
  postgres:
    version: 15.0.0
    source: modules/postgres
  eturnal:
    version: 1.10.0
    source: modules/eturnal
  nextcloud:
    version: 28.0.0
    source: modules/nextcloud
  collabora:
    version: 23.04.0-0
    source: modules/collabora
  meshcentral:
    version: 1.1.0
    source: modules/meshcentral
  netbird:
    version: 0.24.0
    source: modules/netbird
  lam:
    version: 7.6.0
    source: modules/lam
  ddns_updater:
    version: 0.0.0
    source: modules/ddns_updater
  freeradius:
    version: 3.2.9
    source: modules/freeradius
