api_version: anas.module-lock/v1
modules:
  lego:
    version: 4.10.0
    source: modules/lego
  samba_dc:
    version: 4.23.5
    source: modules/samba_dc
  samba_fs:
    version: 4.23.5
    source: modules/samba_fs
  traefik:
    version: 2.5.0
    source: modules/traefik
  keycloak:
    version: 23.0.5-0
    source: modules/keycloak
  llng:
    version: 2.0.63
    source: modules/llng
  mariadb:
    version: 10.11.3
    source: modules/mariadb
  postgres:
    version: 15.2.0
    source: modules/postgres
  eturnal:
    version: 1.11.0
    source: modules/eturnal
  nextcloud:
    version: 29.0.0
    source: modules/nextcloud
  collabora:
    version: 23.05.0-1
    source: modules/collabora
  meshcentral:
    version: 1.1.4
    source: modules/meshcentral
  netbird:
    version: 0.25.4
    source: modules/netbird
  lam:
    version: 7.7.0
    source: modules/lam
  ddns_updater:
    version: 0.0.0
    source: modules/ddns_updater
  freeradius:
    version: 3.2.9
    source: modules/freeradius
