api_version: anas.dev/v1
casks:
    authentik:
        version: 2026.5.6
        revision: 1
        app_version: 2026.5.6
        source: bundle:authentik
        digest: sha256:21c6f22ef89aeb64f299a8e4ab98feb09bd651a11609052764d220b6ae6a7add
    core:
        version: 0.0.0
        revision: 1
        source: bundle:core
        digest: sha256:19f7fc389fe0060f31a508acfc6c9028d2840d6f715ce41e9830f08812e8e6ab
    eturnal:
        version: 1.12.2
        revision: 1
        app_version: 1.12.2
        source: bundle:eturnal
        digest: sha256:f9e5c06d4c988b33c888e238d7d9ddde222d8ca42aab7721b00483d82744a5c0
    lego:
        version: 5.3.1
        revision: 1
        app_version: 5.3.1
        source: bundle:lego
        digest: sha256:77f49259466ebd731eaef88152bc3bdc7a6db56710c872266da43f8b78e57294
    netbird:
        version: 0.76.1
        revision: 1
        app_version: 0.76.1
        source: bundle:netbird
        digest: sha256:f5cff538068defe15cf714372488443f36d61dc598a5f4d308753d57dd9be2e1
    nextcloud:
        version: 34.0.2
        revision: 1
        app_version: 34.0.2
        source: bundle:nextcloud
        digest: sha256:8e71df4610cab6ad44b8259e9f2ab939418bbff75ad2d12cf843b8453c70393b
    postgres:
        version: 18.4.0
        revision: 1
        app_version: 18.4.0
        source: bundle:postgres
        digest: sha256:d66ed2c78fc02d9341207b10ab1b74afb13780c74d58f29af552d1e89cf476e6
    samba_dc:
        version: 4.23.6
        revision: 1
        app_version: 4.23.6
        source: bundle:samba_dc
        digest: sha256:62c8dfb31da109e00cca62703836f8ea0a8d20f359ec1997b37b9b8890e89e36
    traefik:
        version: 3.7.10
        revision: 1
        app_version: 3.7.10
        source: bundle:traefik
        digest: sha256:a1fe0259f455d7b80e9d721d5c85d5747e8e747aff74b45000707b28df041548
iam:
    provider: authentik
bindings:
    authentik:
        relational_database: postgres
    netbird:
        iam: authentik
        iam.interface: oidc
    nextcloud:
        iam: authentik
        iam.interface: saml
        relational_database: postgres
