api_version: anas.module-lock/v1
modules:
    authentik:
        version: 2026.5.6
        revision: 1
        app_version: 2026.5.6
        source: bundle:authentik
        digest: sha256:ec1de669c21836ffce5f6f9a74ce324628f15d6788729d3c3206e52453bdef21
    eturnal:
        version: 1.12.2
        revision: 1
        app_version: 1.12.2
        source: bundle:eturnal
        digest: sha256:e3a0f92cc817e58de0121814f613a4f1ac5ecc84a6f110ea49c8f4ec8bca4859
    lego:
        version: 5.3.1
        revision: 1
        app_version: 5.3.1
        source: bundle:lego
        digest: sha256:40f872d330c2909e694805af3a948a550f6561fe66d99980778aa422fac87edb
    netbird:
        version: 0.76.1
        revision: 1
        app_version: 0.76.1
        source: bundle:netbird
        digest: sha256:c1b94c4c614283e58d5868125dda8e39e1c6112909fe31bd0ad95e86938e8744
    nextcloud:
        version: 34.0.2
        revision: 1
        app_version: 34.0.2
        source: bundle:nextcloud
        digest: sha256:430fdc0a224a3e83eb1345b778f0b18184d3bf0127a990a90df2ef0fb06d2315
    postgres:
        version: 18.4.0
        revision: 1
        app_version: 18.4.0
        source: bundle:postgres
        digest: sha256:03f15a48a8db2e90ec29593280530c3e17319166539a150954025f5c95c397b4
    samba_dc:
        version: 4.23.6
        revision: 3
        app_version: 4.23.6
        source: bundle:samba_dc
        digest: sha256:9bf170bd216e06e7ad332bffd62fed7b38a641f743c7b4f049cd167b575013c4
    traefik:
        version: 3.7.10
        revision: 1
        app_version: 3.7.10
        source: bundle:traefik
        digest: sha256:378162428afc3dcf1ab33fed229f8876821d0278f07ddabb122b91a77de15859
iam:
    provider: authentik
bindings:
    authentik:
        relational_database: postgres
        relational_database.interface: postgres
    netbird:
        iam: authentik
        iam.interface: oidc
    nextcloud:
        iam: authentik
        iam.interface: saml
        relational_database: postgres
        relational_database.interface: postgres
snapshot:
    backend: none
